{
  "object": {
    "pins": [
      {
        "package": "X11",
        "repositoryURL": "https://github.com/aestesis/X11.git",
        "state": {
          "branch": null,
          "revision": "82d107337341081ab056729e25da97c6c08b58a6",
          "version": "1.0.2"
        }
      }
    ]
  },
  "version": 1
}
